
Microsoft Visual Studio Solution File, Format Version 12.00
# Visual Studio Version 16
VisualStudioVersion = 16.0.30225.117
MinimumVisualStudioVersion = 10.0.40219.1
Project("{2150E333-8FDC-42A3-9474-1A3956D46DE8}") = "~Tests", "~Tests", "{D0DB18E2-B342-4CEC-9EBE-6F5C5141824F}"
EndProject
Project("{9A19103F-16F7-4668-BE54-9A1E7A4F7556}") = "Flow.Grains", "Flow.Grains\Flow.Grains.csproj", "{165311F8-8097-41B4-A9D2-15D3E1885D3F}"
EndProject
Project("{9A19103F-16F7-4668-BE54-9A1E7A4F7556}") = "Flow.Grains.Tests", "Flow.Grains.Tests\Flow.Grains.Tests.csproj", "{3AF96888-D575-4825-B914-37F2F67BE4FB}"
EndProject
Project("{9A19103F-16F7-4668-BE54-9A1E7A4F7556}") = "Flow.Grains.Interfaces", "Flow.Grains.Interfaces\Flow.Grains.Interfaces.csproj", "{5958164A-6DAA-46FB-A07B-E3BC74A5AF4D}"
EndProject
Project("{9A19103F-16F7-4668-BE54-9A1E7A4F7556}") = "Flow.Grains.Tests.Integration", "Flow.Grains.Tests.Integration\Flow.Grains.Tests.Integration.csproj", "{C2B9B169-8901-4958-93A6-410CF388B4AF}"
EndProject
Project("{9A19103F-16F7-4668-BE54-9A1E7A4F7556}") = "Flow.Grains.Tests.Utils", "Flow.Grains.Tests.Utils\Flow.Grains.Tests.Utils.csproj", "{6259116E-64EE-4AC1-95CE-C4D5E96D4CB0}"
EndProject
Project("{FAE04EC0-301F-11D3-BF4B-00C04F79EFBC}") = "Flow.Silo", "Flow.Silo\Flow.Silo.csproj", "{6DFAEBF7-A4AE-4463-9C23-07EFB4C9D89D}"
EndProject
Project("{FAE04EC0-301F-11D3-BF4B-00C04F79EFBC}") = "Flow.Application", "Flow.Application\Flow.Application.csproj", "{5F35811E-BA77-4612-B997-14F44257749D}"
EndProject
Project("{FAE04EC0-301F-11D3-BF4B-00C04F79EFBC}") = "Flow.Contracts", "Flow.Contracts\Flow.Contracts.csproj", "{D593A1AE-1D90-41D8-B6DF-7AC2578EAB9A}"
EndProject
Project("{FAE04EC0-301F-11D3-BF4B-00C04F79EFBC}") = "Flow.Api", "Flow.Api\Flow.Api.csproj", "{0818E37C-448A-4EA8-8A67-1E3B03E2B87C}"
EndProject
Project("{9A19103F-16F7-4668-BE54-9A1E7A4F7556}") = "Flow.Api.Tests", "Flow.Api.Tests\Flow.Api.Tests.csproj", "{5677D7E4-8111-482A-B7E0-C8DDDFB235BB}"
EndProject
Global
	GlobalSection(SolutionConfigurationPlatforms) = preSolution
		Debug|Any CPU = Debug|Any CPU
		Debug|x64 = Debug|x64
		Debug|x86 = Debug|x86
		Release|Any CPU = Release|Any CPU
		Release|x64 = Release|x64
		Release|x86 = Release|x86
	EndGlobalSection
	GlobalSection(ProjectConfigurationPlatforms) = postSolution
		{165311F8-8097-41B4-A9D2-15D3E1885D3F}.Debug|Any CPU.ActiveCfg = Debug|Any CPU
		{165311F8-8097-41B4-A9D2-15D3E1885D3F}.Debug|Any CPU.Build.0 = Debug|Any CPU
		{165311F8-8097-41B4-A9D2-15D3E1885D3F}.Debug|x64.ActiveCfg = Debug|Any CPU
		{165311F8-8097-41B4-A9D2-15D3E1885D3F}.Debug|x64.Build.0 = Debug|Any CPU
		{165311F8-8097-41B4-A9D2-15D3E1885D3F}.Debug|x86.ActiveCfg = Debug|Any CPU
		{165311F8-8097-41B4-A9D2-15D3E1885D3F}.Debug|x86.Build.0 = Debug|Any CPU
		{165311F8-8097-41B4-A9D2-15D3E1885D3F}.Release|Any CPU.ActiveCfg = Release|Any CPU
		{165311F8-8097-41B4-A9D2-15D3E1885D3F}.Release|Any CPU.Build.0 = Release|Any CPU
		{165311F8-8097-41B4-A9D2-15D3E1885D3F}.Release|x64.ActiveCfg = Release|Any CPU
		{165311F8-8097-41B4-A9D2-15D3E1885D3F}.Release|x64.Build.0 = Release|Any CPU
		{165311F8-8097-41B4-A9D2-15D3E1885D3F}.Release|x86.ActiveCfg = Release|Any CPU
		{165311F8-8097-41B4-A9D2-15D3E1885D3F}.Release|x86.Build.0 = Release|Any CPU
		{3AF96888-D575-4825-B914-37F2F67BE4FB}.Debug|Any CPU.ActiveCfg = Debug|Any CPU
		{3AF96888-D575-4825-B914-37F2F67BE4FB}.Debug|Any CPU.Build.0 = Debug|Any CPU
		{3AF96888-D575-4825-B914-37F2F67BE4FB}.Debug|x64.ActiveCfg = Debug|Any CPU
		{3AF96888-D575-4825-B914-37F2F67BE4FB}.Debug|x64.Build.0 = Debug|Any CPU
		{3AF96888-D575-4825-B914-37F2F67BE4FB}.Debug|x86.ActiveCfg = Debug|Any CPU
		{3AF96888-D575-4825-B914-37F2F67BE4FB}.Debug|x86.Build.0 = Debug|Any CPU
		{3AF96888-D575-4825-B914-37F2F67BE4FB}.Release|Any CPU.ActiveCfg = Release|Any CPU
		{3AF96888-D575-4825-B914-37F2F67BE4FB}.Release|Any CPU.Build.0 = Release|Any CPU
		{3AF96888-D575-4825-B914-37F2F67BE4FB}.Release|x64.ActiveCfg = Release|Any CPU
		{3AF96888-D575-4825-B914-37F2F67BE4FB}.Release|x64.Build.0 = Release|Any CPU
		{3AF96888-D575-4825-B914-37F2F67BE4FB}.Release|x86.ActiveCfg = Release|Any CPU
		{3AF96888-D575-4825-B914-37F2F67BE4FB}.Release|x86.Build.0 = Release|Any CPU
		{5958164A-6DAA-46FB-A07B-E3BC74A5AF4D}.Debug|Any CPU.ActiveCfg = Debug|Any CPU
		{5958164A-6DAA-46FB-A07B-E3BC74A5AF4D}.Debug|Any CPU.Build.0 = Debug|Any CPU
		{5958164A-6DAA-46FB-A07B-E3BC74A5AF4D}.Debug|x64.ActiveCfg = Debug|Any CPU
		{5958164A-6DAA-46FB-A07B-E3BC74A5AF4D}.Debug|x64.Build.0 = Debug|Any CPU
		{5958164A-6DAA-46FB-A07B-E3BC74A5AF4D}.Debug|x86.ActiveCfg = Debug|Any CPU
		{5958164A-6DAA-46FB-A07B-E3BC74A5AF4D}.Debug|x86.Build.0 = Debug|Any CPU
		{5958164A-6DAA-46FB-A07B-E3BC74A5AF4D}.Release|Any CPU.ActiveCfg = Release|Any CPU
		{5958164A-6DAA-46FB-A07B-E3BC74A5AF4D}.Release|Any CPU.Build.0 = Release|Any CPU
		{5958164A-6DAA-46FB-A07B-E3BC74A5AF4D}.Release|x64.ActiveCfg = Release|Any CPU
		{5958164A-6DAA-46FB-A07B-E3BC74A5AF4D}.Release|x64.Build.0 = Release|Any CPU
		{5958164A-6DAA-46FB-A07B-E3BC74A5AF4D}.Release|x86.ActiveCfg = Release|Any CPU
		{5958164A-6DAA-46FB-A07B-E3BC74A5AF4D}.Release|x86.Build.0 = Release|Any CPU
		{C2B9B169-8901-4958-93A6-410CF388B4AF}.Debug|Any CPU.ActiveCfg = Debug|Any CPU
		{C2B9B169-8901-4958-93A6-410CF388B4AF}.Debug|Any CPU.Build.0 = Debug|Any CPU
		{C2B9B169-8901-4958-93A6-410CF388B4AF}.Debug|x64.ActiveCfg = Debug|Any CPU
		{C2B9B169-8901-4958-93A6-410CF388B4AF}.Debug|x64.Build.0 = Debug|Any CPU
		{C2B9B169-8901-4958-93A6-410CF388B4AF}.Debug|x86.ActiveCfg = Debug|Any CPU
		{C2B9B169-8901-4958-93A6-410CF388B4AF}.Debug|x86.Build.0 = Debug|Any CPU
		{C2B9B169-8901-4958-93A6-410CF388B4AF}.Release|Any CPU.ActiveCfg = Release|Any CPU
		{C2B9B169-8901-4958-93A6-410CF388B4AF}.Release|Any CPU.Build.0 = Release|Any CPU
		{C2B9B169-8901-4958-93A6-410CF388B4AF}.Release|x64.ActiveCfg = Release|Any CPU
		{C2B9B169-8901-4958-93A6-410CF388B4AF}.Release|x64.Build.0 = Release|Any CPU
		{C2B9B169-8901-4958-93A6-410CF388B4AF}.Release|x86.ActiveCfg = Release|Any CPU
		{C2B9B169-8901-4958-93A6-410CF388B4AF}.Release|x86.Build.0 = Release|Any CPU
		{6259116E-64EE-4AC1-95CE-C4D5E96D4CB0}.Debug|Any CPU.ActiveCfg = Debug|Any CPU
		{6259116E-64EE-4AC1-95CE-C4D5E96D4CB0}.Debug|Any CPU.Build.0 = Debug|Any CPU
		{6259116E-64EE-4AC1-95CE-C4D5E96D4CB0}.Debug|x64.ActiveCfg = Debug|Any CPU
		{6259116E-64EE-4AC1-95CE-C4D5E96D4CB0}.Debug|x64.Build.0 = Debug|Any CPU
		{6259116E-64EE-4AC1-95CE-C4D5E96D4CB0}.Debug|x86.ActiveCfg = Debug|Any CPU
		{6259116E-64EE-4AC1-95CE-C4D5E96D4CB0}.Debug|x86.Build.0 = Debug|Any CPU
		{6259116E-64EE-4AC1-95CE-C4D5E96D4CB0}.Release|Any CPU.ActiveCfg = Release|Any CPU
		{6259116E-64EE-4AC1-95CE-C4D5E96D4CB0}.Release|Any CPU.Build.0 = Release|Any CPU
		{6259116E-64EE-4AC1-95CE-C4D5E96D4CB0}.Release|x64.ActiveCfg = Release|Any CPU
		{6259116E-64EE-4AC1-95CE-C4D5E96D4CB0}.Release|x64.Build.0 = Release|Any CPU
		{6259116E-64EE-4AC1-95CE-C4D5E96D4CB0}.Release|x86.ActiveCfg = Release|Any CPU
		{6259116E-64EE-4AC1-95CE-C4D5E96D4CB0}.Release|x86.Build.0 = Release|Any CPU
		{6DFAEBF7-A4AE-4463-9C23-07EFB4C9D89D}.Debug|Any CPU.ActiveCfg = Debug|Any CPU
		{6DFAEBF7-A4AE-4463-9C23-07EFB4C9D89D}.Debug|Any CPU.Build.0 = Debug|Any CPU
		{6DFAEBF7-A4AE-4463-9C23-07EFB4C9D89D}.Debug|x64.ActiveCfg = Debug|Any CPU
		{6DFAEBF7-A4AE-4463-9C23-07EFB4C9D89D}.Debug|x64.Build.0 = Debug|Any CPU
		{6DFAEBF7-A4AE-4463-9C23-07EFB4C9D89D}.Debug|x86.ActiveCfg = Debug|Any CPU
		{6DFAEBF7-A4AE-4463-9C23-07EFB4C9D89D}.Debug|x86.Build.0 = Debug|Any CPU
		{6DFAEBF7-A4AE-4463-9C23-07EFB4C9D89D}.Release|Any CPU.ActiveCfg = Release|Any CPU
		{6DFAEBF7-A4AE-4463-9C23-07EFB4C9D89D}.Release|Any CPU.Build.0 = Release|Any CPU
		{6DFAEBF7-A4AE-4463-9C23-07EFB4C9D89D}.Release|x64.ActiveCfg = Release|Any CPU
		{6DFAEBF7-A4AE-4463-9C23-07EFB4C9D89D}.Release|x64.Build.0 = Release|Any CPU
		{6DFAEBF7-A4AE-4463-9C23-07EFB4C9D89D}.Release|x86.ActiveCfg = Release|Any CPU
		{6DFAEBF7-A4AE-4463-9C23-07EFB4C9D89D}.Release|x86.Build.0 = Release|Any CPU
		{5F35811E-BA77-4612-B997-14F44257749D}.Debug|Any CPU.ActiveCfg = Debug|Any CPU
		{5F35811E-BA77-4612-B997-14F44257749D}.Debug|Any CPU.Build.0 = Debug|Any CPU
		{5F35811E-BA77-4612-B997-14F44257749D}.Debug|x64.ActiveCfg = Debug|Any CPU
		{5F35811E-BA77-4612-B997-14F44257749D}.Debug|x64.Build.0 = Debug|Any CPU
		{5F35811E-BA77-4612-B997-14F44257749D}.Debug|x86.ActiveCfg = Debug|Any CPU
		{5F35811E-BA77-4612-B997-14F44257749D}.Debug|x86.Build.0 = Debug|Any CPU
		{5F35811E-BA77-4612-B997-14F44257749D}.Release|Any CPU.ActiveCfg = Release|Any CPU
		{5F35811E-BA77-4612-B997-14F44257749D}.Release|Any CPU.Build.0 = Release|Any CPU
		{5F35811E-BA77-4612-B997-14F44257749D}.Release|x64.ActiveCfg = Release|Any CPU
		{5F35811E-BA77-4612-B997-14F44257749D}.Release|x64.Build.0 = Release|Any CPU
		{5F35811E-BA77-4612-B997-14F44257749D}.Release|x86.ActiveCfg = Release|Any CPU
		{5F35811E-BA77-4612-B997-14F44257749D}.Release|x86.Build.0 = Release|Any CPU
		{D593A1AE-1D90-41D8-B6DF-7AC2578EAB9A}.Debug|Any CPU.ActiveCfg = Debug|Any CPU
		{D593A1AE-1D90-41D8-B6DF-7AC2578EAB9A}.Debug|Any CPU.Build.0 = Debug|Any CPU
		{D593A1AE-1D90-41D8-B6DF-7AC2578EAB9A}.Debug|x64.ActiveCfg = Debug|Any CPU
		{D593A1AE-1D90-41D8-B6DF-7AC2578EAB9A}.Debug|x64.Build.0 = Debug|Any CPU
		{D593A1AE-1D90-41D8-B6DF-7AC2578EAB9A}.Debug|x86.ActiveCfg = Debug|Any CPU
		{D593A1AE-1D90-41D8-B6DF-7AC2578EAB9A}.Debug|x86.Build.0 = Debug|Any CPU
		{D593A1AE-1D90-41D8-B6DF-7AC2578EAB9A}.Release|Any CPU.ActiveCfg = Release|Any CPU
		{D593A1AE-1D90-41D8-B6DF-7AC2578EAB9A}.Release|Any CPU.Build.0 = Release|Any CPU
		{D593A1AE-1D90-41D8-B6DF-7AC2578EAB9A}.Release|x64.ActiveCfg = Release|Any CPU
		{D593A1AE-1D90-41D8-B6DF-7AC2578EAB9A}.Release|x64.Build.0 = Release|Any CPU
		{D593A1AE-1D90-41D8-B6DF-7AC2578EAB9A}.Release|x86.ActiveCfg = Release|Any CPU
		{D593A1AE-1D90-41D8-B6DF-7AC2578EAB9A}.Release|x86.Build.0 = Release|Any CPU
		{0818E37C-448A-4EA8-8A67-1E3B03E2B87C}.Debug|Any CPU.ActiveCfg = Debug|Any CPU
		{0818E37C-448A-4EA8-8A67-1E3B03E2B87C}.Debug|Any CPU.Build.0 = Debug|Any CPU
		{0818E37C-448A-4EA8-8A67-1E3B03E2B87C}.Debug|x64.ActiveCfg = Debug|Any CPU
		{0818E37C-448A-4EA8-8A67-1E3B03E2B87C}.Debug|x64.Build.0 = Debug|Any CPU
		{0818E37C-448A-4EA8-8A67-1E3B03E2B87C}.Debug|x86.ActiveCfg = Debug|Any CPU
		{0818E37C-448A-4EA8-8A67-1E3B03E2B87C}.Debug|x86.Build.0 = Debug|Any CPU
		{0818E37C-448A-4EA8-8A67-1E3B03E2B87C}.Release|Any CPU.ActiveCfg = Release|Any CPU
		{0818E37C-448A-4EA8-8A67-1E3B03E2B87C}.Release|Any CPU.Build.0 = Release|Any CPU
		{0818E37C-448A-4EA8-8A67-1E3B03E2B87C}.Release|x64.ActiveCfg = Release|Any CPU
		{0818E37C-448A-4EA8-8A67-1E3B03E2B87C}.Release|x64.Build.0 = Release|Any CPU
		{0818E37C-448A-4EA8-8A67-1E3B03E2B87C}.Release|x86.ActiveCfg = Release|Any CPU
		{0818E37C-448A-4EA8-8A67-1E3B03E2B87C}.Release|x86.Build.0 = Release|Any CPU
		{5677D7E4-8111-482A-B7E0-C8DDDFB235BB}.Debug|Any CPU.ActiveCfg = Debug|Any CPU
		{5677D7E4-8111-482A-B7E0-C8DDDFB235BB}.Debug|Any CPU.Build.0 = Debug|Any CPU
		{5677D7E4-8111-482A-B7E0-C8DDDFB235BB}.Debug|x64.ActiveCfg = Debug|Any CPU
		{5677D7E4-8111-482A-B7E0-C8DDDFB235BB}.Debug|x64.Build.0 = Debug|Any CPU
		{5677D7E4-8111-482A-B7E0-C8DDDFB235BB}.Debug|x86.ActiveCfg = Debug|Any CPU
		{5677D7E4-8111-482A-B7E0-C8DDDFB235BB}.Debug|x86.Build.0 = Debug|Any CPU
		{5677D7E4-8111-482A-B7E0-C8DDDFB235BB}.Release|Any CPU.ActiveCfg = Release|Any CPU
		{5677D7E4-8111-482A-B7E0-C8DDDFB235BB}.Release|Any CPU.Build.0 = Release|Any CPU
		{5677D7E4-8111-482A-B7E0-C8DDDFB235BB}.Release|x64.ActiveCfg = Release|Any CPU
		{5677D7E4-8111-482A-B7E0-C8DDDFB235BB}.Release|x64.Build.0 = Release|Any CPU
		{5677D7E4-8111-482A-B7E0-C8DDDFB235BB}.Release|x86.ActiveCfg = Release|Any CPU
		{5677D7E4-8111-482A-B7E0-C8DDDFB235BB}.Release|x86.Build.0 = Release|Any CPU
	EndGlobalSection
	GlobalSection(SolutionProperties) = preSolution
		HideSolutionNode = FALSE
	EndGlobalSection
	GlobalSection(NestedProjects) = preSolution
		{3AF96888-D575-4825-B914-37F2F67BE4FB} = {D0DB18E2-B342-4CEC-9EBE-6F5C5141824F}
		{C2B9B169-8901-4958-93A6-410CF388B4AF} = {D0DB18E2-B342-4CEC-9EBE-6F5C5141824F}
		{6259116E-64EE-4AC1-95CE-C4D5E96D4CB0} = {D0DB18E2-B342-4CEC-9EBE-6F5C5141824F}
		{5677D7E4-8111-482A-B7E0-C8DDDFB235BB} = {D0DB18E2-B342-4CEC-9EBE-6F5C5141824F}
	EndGlobalSection
	GlobalSection(ExtensibilityGlobals) = postSolution
		SolutionGuid = {CCA50106-0CEF-4F09-A620-744F2628029C}
	EndGlobalSection
EndGlobal
